<?xml version="1.0" encoding="utf-8"?>
<Project ToolsVersion="4.0" xmlns="http://schemas.microsoft.com/developer/msbuild/2003">
  <ItemGroup>
    <ClCompile Include="Enemy\Enemy\EnemyBase.cpp" />
    <ClCompile Include="Enemy\Enemy\EnemyManager.cpp" />
    <ClCompile Include="Enemy\Enemy\SeaUrchin.cpp" />
    <ClCompile Include="Enemy\Enemy\SellFish.cpp" />
    <ClCompile Include="Enemy\State\EnemyChaseState.cpp" />
    <ClCompile Include="Enemy\State\EnemySideMoveState.cpp" />
    <ClCompile Include="Enemy\State\EnemyVerticalMoveState.cpp" />
    <ClCompile Include="Enemy\State\EnemyWaitState.cpp" />
    <ClCompile Include="GameObject\ObjectManager\ObjectManager.cpp" />
    <ClCompile Include="Lib\D3D\D3D9.cpp" />
    <ClCompile Include="Lib\Texture\Texture.cpp" />
    <ClCompile Include="Lib\Texture\TextureBoad2D.cpp" />
    <ClCompile Include="Lib\UV\UV.cpp" />
    <ClCompile Include="Lib\Window\Window.cpp" />
    <ClCompile Include="LoadResource\LoadResource.cpp" />
    <ClCompile Include="Main\Main.cpp" />
    <ClCompile Include="Player\PlayerState\PlayerDeathState\PlayerDeathState.cpp" />
    <ClCompile Include="Player\PlayerState\PlayerStandingWaitState\PlayerStandingWaitState.cpp" />
    <ClCompile Include="Player\PlayerState\PlayerSwimState\PlayerSwimState.cpp" />
    <ClCompile Include="Player\PlayerState\PlayerWaitState\PlayerWaitState.cpp" />
    <ClCompile Include="CollisionObject\CollisionManager.cpp" />
    <ClCompile Include="GameObject\Object\Object.cpp" />
    <ClCompile Include="SetRenderStateFile\SetRenderStateFile.cpp" />
    <ClCompile Include="Player\Player.cpp" />
    <ClCompile Include="StaminaUI\StaminaUI.cpp" />
    <ClCompile Include="Map\BackGround\BackGround.cpp" />
    <ClCompile Include="Map\MapChip\MapChip.cpp" />
    <ClCompile Include="Map\MapManager\MapManager.cpp" />
    <ClCompile Include="Blind\Blind.cpp" />
    <ClCompile Include="Rope\Rope.cpp" />
    <ClCompile Include="Scene\SceneManager.cpp" />
    <ClCompile Include="Scene\TitleScene\TitleScene.cpp" />
    <ClCompile Include="Scene\GameScene\GameScene.cpp" />
    <ClCompile Include="Scene\ClearScene\ClearScene.cpp" />
  </ItemGroup>
  <ItemGroup>
    <ClInclude Include="Enemy\Enemy\EnemyBase.h" />
    <ClInclude Include="Enemy\Enemy\EnemyManager.h" />
    <ClInclude Include="Enemy\Enemy\SeaUrchin.h" />
    <ClInclude Include="Enemy\Enemy\SellFish.h" />
    <ClInclude Include="Enemy\State\EnemyChaseState.h" />
    <ClInclude Include="Enemy\State\EnemySideMoveState.h" />
    <ClInclude Include="Enemy\State\EnemyStateBase.h" />
    <ClInclude Include="Enemy\State\EnemyVerticalMoveState.h" />
    <ClInclude Include="Enemy\State\EnemyWaitState.h" />
    <ClInclude Include="GameObject\ObjectManager\ObjectManager.h" />
    <ClInclude Include="GameObject\Object\Object.h" />
    <ClInclude Include="Lib\D3D\D3D9.h" />
    <ClInclude Include="Lib\Input\GamePad.h" />
    <ClInclude Include="Lib\Input\KeyBord.h" />
    <ClInclude Include="Lib\Sound\DirectSound.h" />
    <ClInclude Include="Lib\Texture\Texture.h" />
    <ClInclude Include="Lib\Texture\TextureBoad2D.h" />
    <ClInclude Include="Lib\UV\UV.h" />
    <ClInclude Include="Lib\Window\Window.h" />
    <ClInclude Include="LoadResource\LoadResource.h" />
    <ClInclude Include="Player\PlayerState\PlayerDeathState\PlayerDeathState.h" />
    <ClInclude Include="Player\PlayerState\PlayerStateBase.h" />
    <ClInclude Include="Player\PlayerState\PlayerStandingWaitState\PlayerStandingWaitState.h" />
    <ClInclude Include="Player\PlayerState\PlayerSwimState\PlayerSwimState.h" />
    <ClInclude Include="Player\PlayerState\PlayerWaitState\PlayerWaitState.h" />
    <ClInclude Include="CollisionObject\CircleCollisionObject.h" />
    <ClInclude Include="CollisionObject\CollisionManager.h" />
    <ClInclude Include="CollisionObject\CollisionObject.h" />
    <ClInclude Include="SetRenderStateFile\SetRenderStateFile.h" />
    <ClInclude Include="Player\Player.h" />
    <ClInclude Include="StaminaUI\StaminaUI.h" />
    <ClInclude Include="Map\BackGround\BackGround.h" />
    <ClInclude Include="Map\MapChip\MapChip.h" />
    <ClInclude Include="Map\MapManager\MapManager.h" />
    <ClInclude Include="Blind\Blind.h" />
    <ClInclude Include="Rope\Rope.h" />
    <ClInclude Include="Scene\SceneManager.h" />
    <ClInclude Include="Scene\SceneBase.h" />
    <ClInclude Include="Scene\TitleScene\TitleScene.h" />
    <ClInclude Include="Scene\ClearScene\ClearScene.h" />
    <ClInclude Include="Scene\GameScene\GameScene.h" />
  </ItemGroup>
  <ItemGroup>
    <Image Include="Resource\bg_hero_01.png" />
    <Image Include="Resource\bg_hero_02.png" />
    <Image Include="Resource\bg_hero_03.png" />
    <Image Include="Resource\de_standing_wait.png" />
    <Image Include="Resource\de_swim.png" />
    <Image Include="Resource\de_wait.png" />
    <Image Include="Resource\iwa.jpg" />
    <Image Include="Resource\uni.png" />
  </ItemGroup>
  <ItemGroup>
    <Media Include="Resource\swim_se.wav" />
  </ItemGroup>
</Project>