<?xml version="1.0" encoding="utf-8"?>
<Project ToolsVersion="4.0" xmlns="http://schemas.microsoft.com/developer/msbuild/2003">
  <ItemGroup>
    <Filter Include="ソース ファイル">
      <UniqueIdentifier>{4FC737F1-C7A5-4376-A066-2A32D752A2FF}</UniqueIdentifier>
      <Extensions>cpp;c;cc;cxx;def;odl;idl;hpj;bat;asm;asmx</Extensions>
    </Filter>
    <Filter Include="リソース ファイル">
      <UniqueIdentifier>{67DA6AB6-F800-4c08-8B7A-83BB121AAD01}</UniqueIdentifier>
      <Extensions>rc;ico;cur;bmp;dlg;rc2;rct;bin;rgs;gif;jpg;jpeg;jpe;resx;tiff;tif;png;wav;mfcribbon-ms</Extensions>
    </Filter>
  </ItemGroup>
  <ItemGroup>
    <ClCompile Include="Main\Main.cpp">
      <Filter>ソース ファイル</Filter>
    </ClCompile>
    <ClCompile Include="Enemy\Enemy\EnemyManager.cpp">
      <Filter>ソース ファイル</Filter>
    </ClCompile>
    <ClCompile Include="Enemy\Enemy\SeaUrchin.cpp">
      <Filter>ソース ファイル</Filter>
    </ClCompile>
    <ClCompile Include="GameObject\ObjectManager\ObjectManager.cpp">
      <Filter>ソース ファイル</Filter>
    </ClCompile>
    <ClCompile Include="Lib\D3D\D3D9.cpp">
      <Filter>ソース ファイル</Filter>
    </ClCompile>
    <ClCompile Include="Lib\Texture\Texture.cpp">
      <Filter>ソース ファイル</Filter>
    </ClCompile>
    <ClCompile Include="Lib\Texture\TextureBoad2D.cpp">
      <Filter>ソース ファイル</Filter>
    </ClCompile>
    <ClCompile Include="Lib\UV\UV.cpp">
      <Filter>ソース ファイル</Filter>
    </ClCompile>
    <ClCompile Include="Lib\Window\Window.cpp">
      <Filter>ソース ファイル</Filter>
    </ClCompile>
    <ClCompile Include="Player\PlayerBase\PlayerBase.cpp">
      <Filter>ソース ファイル</Filter>
    </ClCompile>
    <ClCompile Include="Player\Star1\Star1.cpp">
      <Filter>ソース ファイル</Filter>
    </ClCompile>
    <ClCompile Include="Player\Star2\Star2.cpp">
      <Filter>ソース ファイル</Filter>
    </ClCompile>
    <ClCompile Include="LoadResource\LoadResource.cpp">
      <Filter>ソース ファイル</Filter>
    </ClCompile>
    <ClCompile Include="Player\PlayerState\PlayerWaitState\PlayerWaitState.cpp">
      <Filter>ソース ファイル</Filter>
    </ClCompile>
    <ClCompile Include="Player\PlayerState\PlayerDamageState\PlayerDamageState.cpp">
      <Filter>ソース ファイル</Filter>
    </ClCompile>
    <ClCompile Include="Player\PlayerState\PlayerDeathState\PlayerDeathState.cpp">
      <Filter>ソース ファイル</Filter>
    </ClCompile>
    <ClCompile Include="Player\PlayerState\PlayerStandingWaitState\PlayerStandingWaitState.cpp">
      <Filter>ソース ファイル</Filter>
    </ClCompile>
    <ClCompile Include="Player\PlayerState\PlayerSwimState\PlayerSwimState.cpp">
      <Filter>ソース ファイル</Filter>
    </ClCompile>
<<<<<<< HEAD
    <ClCompile Include="Map\BackGround.cpp">
      <Filter>ソース ファイル</Filter>
    </ClCompile>
    <ClCompile Include="Map\MapManager.cpp">
      <Filter>ソース ファイル</Filter>
    </ClCompile>
    <ClCompile Include="Map\MapTip.cpp">
=======
    <ClCompile Include="Enemy\State\EnemyChaseState.cpp">
      <Filter>ソース ファイル</Filter>
    </ClCompile>
    <ClCompile Include="Enemy\State\EnemySideMoveState.cpp">
      <Filter>ソース ファイル</Filter>
    </ClCompile>
    <ClCompile Include="Enemy\State\EnemyVerticalMoveState.cpp">
      <Filter>ソース ファイル</Filter>
    </ClCompile>
    <ClCompile Include="Enemy\State\EnemyWaitState.cpp">
      <Filter>ソース ファイル</Filter>
    </ClCompile>
    <ClCompile Include="Enemy\Enemy\EnemyBase.cpp">
      <Filter>ソース ファイル</Filter>
    </ClCompile>
    <ClCompile Include="Enemy\Enemy\SellFish.cpp">
>>>>>>> Enemy
      <Filter>ソース ファイル</Filter>
    </ClCompile>
  </ItemGroup>
  <ItemGroup>
    <ClInclude Include="Enemy\Enemy\EnemyBase.h" />
    <ClInclude Include="Enemy\Enemy\EnemyManager.h" />
    <ClInclude Include="Enemy\Enemy\SeaUrchin.h" />
    <ClInclude Include="GameObject\Object\Object.h" />
    <ClInclude Include="GameObject\ObjectManager\ObjectManager.h" />
    <ClInclude Include="Lib\D3D\D3D9.h" />
    <ClInclude Include="Lib\Input\GamePad.h" />
    <ClInclude Include="Lib\Input\KeyBord.h" />
    <ClInclude Include="Lib\Sound\DirectSound.h" />
    <ClInclude Include="Lib\Texture\Texture.h" />
    <ClInclude Include="Lib\Texture\TextureBoad2D.h" />
    <ClInclude Include="Lib\UV\UV.h" />
    <ClInclude Include="Lib\Window\Window.h" />
    <ClInclude Include="Player\PlayerBase\PlayerBase.h" />
    <ClInclude Include="Player\PlayerState\PlayerStateBase.h" />
    <ClInclude Include="Player\Star1\Star1.h" />
    <ClInclude Include="Player\Star2\Star2.h" />
    <ClInclude Include="LoadResource\LoadResource.h" />
    <ClInclude Include="Player\PlayerState\PlayerWaitState\PlayerWaitState.h" />
    <ClInclude Include="Player\PlayerState\PlayerDamageState\PlayerDamageState.h" />
    <ClInclude Include="Player\PlayerState\PlayerDeathState\PlayerDeathState.h" />
    <ClInclude Include="Player\PlayerState\PlayerStandingWaitState\PlayerStandingWaitState.h" />
    <ClInclude Include="Player\PlayerState\PlayerSwimState\PlayerSwimState.h" />
<<<<<<< HEAD
    <ClInclude Include="Map\BackGround.h" />
    <ClInclude Include="Map\MapManager.h" />
    <ClInclude Include="Map\MapTip.h" />
=======
    <ClInclude Include="Enemy\State\EnemyChaseState.h" />
    <ClInclude Include="Enemy\State\EnemySideMoveState.h" />
    <ClInclude Include="Enemy\State\EnemyVerticalMoveState.h" />
    <ClInclude Include="Enemy\State\EnemyWaitState.h" />
    <ClInclude Include="Enemy\State\EnemyStateBase.h" />
    <ClInclude Include="Enemy\Enemy\SellFish.h" />
>>>>>>> Enemy
  </ItemGroup>
</Project>